
Microsoft Visual Studio Solution File, Format Version 12.00
# Visual Studio 2012
Project("{FAE04EC0-301F-11D3-BF4B-00C04F79EFBC}") = "BasicTypesInDotNet", "BasicTypesInDotNet\BasicTypesInDotNet.csproj", "{F1ECF91B-D4FE-4808-819F-6E39D6343F36}"
EndProject
Project("{FAE04EC0-301F-11D3-BF4B-00C04F79EFBC}") = "DemoClass1", "DemoClass1\DemoClass1.csproj", "{4FF35FC8-E751-4194-B141-167A645E226C}"
EndProject
Global
	GlobalSection(SolutionConfigurationPlatforms) = preSolution
		Debug|Any CPU = Debug|Any CPU
		Debug|Mixed Platforms = Debug|Mixed Platforms
		Debug|x86 = Debug|x86
		Release|Any CPU = Release|Any CPU
		Release|Mixed Platforms = Release|Mixed Platforms
		Release|x86 = Release|x86
	EndGlobalSection
	GlobalSection(ProjectConfigurationPlatforms) = postSolution
		{F1ECF91B-D4FE-4808-819F-6E39D6343F36}.Debug|Any CPU.ActiveCfg = Debug|x86
		{F1ECF91B-D4FE-4808-819F-6E39D6343F36}.Debug|Mixed Platforms.ActiveCfg = Debug|x86
		{F1ECF91B-D4FE-4808-819F-6E39D6343F36}.Debug|Mixed Platforms.Build.0 = Debug|x86
		{F1ECF91B-D4FE-4808-819F-6E39D6343F36}.Debug|x86.ActiveCfg = Debug|x86
		{F1ECF91B-D4FE-4808-819F-6E39D6343F36}.Debug|x86.Build.0 = Debug|x86
		{F1ECF91B-D4FE-4808-819F-6E39D6343F36}.Release|Any CPU.ActiveCfg = Release|x86
		{F1ECF91B-D4FE-4808-819F-6E39D6343F36}.Release|Mixed Platforms.ActiveCfg = Release|x86
		{F1ECF91B-D4FE-4808-819F-6E39D6343F36}.Release|Mixed Platforms.Build.0 = Release|x86
		{F1ECF91B-D4FE-4808-819F-6E39D6343F36}.Release|x86.ActiveCfg = Release|x86
		{F1ECF91B-D4FE-4808-819F-6E39D6343F36}.Release|x86.Build.0 = Release|x86
		{4FF35FC8-E751-4194-B141-167A645E226C}.Debug|Any CPU.ActiveCfg = Debug|Any CPU
		{4FF35FC8-E751-4194-B141-167A645E226C}.Debug|Any CPU.Build.0 = Debug|Any CPU
		{4FF35FC8-E751-4194-B141-167A645E226C}.Debug|Mixed Platforms.ActiveCfg = Debug|Any CPU
		{4FF35FC8-E751-4194-B141-167A645E226C}.Debug|Mixed Platforms.Build.0 = Debug|Any CPU
		{4FF35FC8-E751-4194-B141-167A645E226C}.Debug|x86.ActiveCfg = Debug|Any CPU
		{4FF35FC8-E751-4194-B141-167A645E226C}.Release|Any CPU.ActiveCfg = Release|Any CPU
		{4FF35FC8-E751-4194-B141-167A645E226C}.Release|Any CPU.Build.0 = Release|Any CPU
		{4FF35FC8-E751-4194-B141-167A645E226C}.Release|Mixed Platforms.ActiveCfg = Release|Any CPU
		{4FF35FC8-E751-4194-B141-167A645E226C}.Release|Mixed Platforms.Build.0 = Release|Any CPU
		{4FF35FC8-E751-4194-B141-167A645E226C}.Release|x86.ActiveCfg = Release|Any CPU
	EndGlobalSection
	GlobalSection(SolutionProperties) = preSolution
		HideSolutionNode = FALSE
	EndGlobalSection
EndGlobal
