
Microsoft Visual Studio Solution File, Format Version 12.00
# Visual Studio 2012
Project("{FAE04EC0-301F-11D3-BF4B-00C04F79EFBC}") = "ConsoleCalculator", "ConsoleCalculator\ConsoleCalculator.csproj", "{DCD61F97-FB30-4303-8C30-BF1F4B0D25E1}"
EndProject
Project("{FAE04EC0-301F-11D3-BF4B-00C04F79EFBC}") = "WinFormCalculator", "WinFormCalculator\WinFormCalculator.csproj", "{32EF4AD2-E191-4603-9934-F383296A0BEB}"
EndProject
Global
	GlobalSection(SolutionConfigurationPlatforms) = preSolution
		Debug|Any CPU = Debug|Any CPU
		Release|Any CPU = Release|Any CPU
	EndGlobalSection
	GlobalSection(ProjectConfigurationPlatforms) = postSolution
		{DCD61F97-FB30-4303-8C30-BF1F4B0D25E1}.Debug|Any CPU.ActiveCfg = Debug|Any CPU
		{DCD61F97-FB30-4303-8C30-BF1F4B0D25E1}.Debug|Any CPU.Build.0 = Debug|Any CPU
		{DCD61F97-FB30-4303-8C30-BF1F4B0D25E1}.Release|Any CPU.ActiveCfg = Release|Any CPU
		{DCD61F97-FB30-4303-8C30-BF1F4B0D25E1}.Release|Any CPU.Build.0 = Release|Any CPU
		{32EF4AD2-E191-4603-9934-F383296A0BEB}.Debug|Any CPU.ActiveCfg = Debug|Any CPU
		{32EF4AD2-E191-4603-9934-F383296A0BEB}.Debug|Any CPU.Build.0 = Debug|Any CPU
		{32EF4AD2-E191-4603-9934-F383296A0BEB}.Release|Any CPU.ActiveCfg = Release|Any CPU
		{32EF4AD2-E191-4603-9934-F383296A0BEB}.Release|Any CPU.Build.0 = Release|Any CPU
	EndGlobalSection
	GlobalSection(SolutionProperties) = preSolution
		HideSolutionNode = FALSE
	EndGlobalSection
EndGlobal
